{
  "version": 4,
  "terraform_version": "1.2.6",
  "serial": 2,
  "lineage": "92907242-bc76-95be-ff89-648bb0eca235",
  "outputs": {
    "vpcID": {
      "value": "vpc-05667ac479b9e9128",
      "type": "string"
    }
  },
  "resources": [
    {
      "mode": "managed",
      "type": "aws_vpc",
      "name": "myvpc",
      "provider": "provider[\"registry.terraform.io/hashicorp/aws\"]",
      "instances": [
        {
          "schema_version": 1,
          "attributes": {
            "arn": "arn:aws:ec2:us-east-1:930578145386:vpc/vpc-05667ac479b9e9128",
            "assign_generated_ipv6_cidr_block": false,
            "cidr_block": "10.0.0.0/16",
            "default_network_acl_id": "acl-0532bf575f1760f48",
            "default_route_table_id": "rtb-0ea084a1d0050f91d",
            "default_security_group_id": "sg-05eb08a62a9780071",
            "dhcp_options_id": "dopt-b06e00ca",
            "enable_classiclink": false,
            "enable_classiclink_dns_support": false,
            "enable_dns_hostnames": false,
            "enable_dns_support": true,
            "enable_network_address_usage_metrics": false,
            "id": "vpc-05667ac479b9e9128",
            "instance_tenancy": "default",
            "ipv4_ipam_pool_id": null,
            "ipv4_netmask_length": null,
            "ipv6_association_id": "",
            "ipv6_cidr_block": "",
            "ipv6_cidr_block_network_border_group": "",
            "ipv6_ipam_pool_id": "",
            "ipv6_netmask_length": 0,
            "main_route_table_id": "rtb-0ea084a1d0050f91d",
            "owner_id": "930578145386",
            "tags": {
              "Name": "input_test"
            },
            "tags_all": {
              "Name": "input_test"
            }
          },
          "sensitive_attributes": [],
          "private": "eyJzY2hlbWFfdmVyc2lvbiI6IjEifQ=="
        }
      ]
    }
  ]
}
